
Microsoft Visual Studio Solution File, Format Version 12.00
# Visual Studio Version 16
VisualStudioVersion = 16.0.31424.327
MinimumVisualStudioVersion = 10.0.40219.1
Project("{FAE04EC0-301F-11D3-BF4B-00C04F79EFBC}") = "FESTTechnologiesApi", "FESTTechnologiesApi\FESTTechnologiesApi.csproj", "{847C39B2-908F-4766-9417-8BB6B131FB90}"
EndProject
Global
	GlobalSection(SolutionConfigurationPlatforms) = preSolution
		Debug|Any CPU = Debug|Any CPU
		Release|Any CPU = Release|Any CPU
	EndGlobalSection
	GlobalSection(ProjectConfigurationPlatforms) = postSolution
		{847C39B2-908F-4766-9417-8BB6B131FB90}.Debug|Any CPU.ActiveCfg = Debug|Any CPU
		{847C39B2-908F-4766-9417-8BB6B131FB90}.Debug|Any CPU.Build.0 = Debug|Any CPU
		{847C39B2-908F-4766-9417-8BB6B131FB90}.Release|Any CPU.ActiveCfg = Release|Any CPU
		{847C39B2-908F-4766-9417-8BB6B131FB90}.Release|Any CPU.Build.0 = Release|Any CPU
	EndGlobalSection
	GlobalSection(SolutionProperties) = preSolution
		HideSolutionNode = FALSE
	EndGlobalSection
	GlobalSection(ExtensibilityGlobals) = postSolution
		SolutionGuid = {ACA92845-8F19-4086-A364-72AC08DDB9EF}
	EndGlobalSection
EndGlobal
